// !$*UTF8*$!
{
	archiveVersion = 1;
	classes = {
	};
	objectVersion = 50;
	objects = {

/* Begin PBXBuildFile section */
		0ACF5E5DE6D09C69AC7B6A15 /* Pods_ResourcesBridgeMonitor.framework in Frameworks */ = {isa = PBXBuildFile; fileRef = D4621FBFC77AAA1BACE5F1C6 /* Pods_ResourcesBridgeMonitor.framework */; };
		18CF5C1B248381CB00CB367F /* Communication.swift in Sources */ = {isa = PBXBuildFile; fileRef = 18CF5C1A248381CB00CB367F /* Communication.swift */; };
		18EBCE37248305B000E2D8DB /* AppDelegate.swift in Sources */ = {isa = PBXBuildFile; fileRef = 18EBCE36248305B000E2D8DB /* AppDelegate.swift */; };
		18EBCE39248305B000E2D8DB /* ViewController.swift in Sources */ = {isa = PBXBuildFile; fileRef = 18EBCE38248305B000E2D8DB /* ViewController.swift */; };
		18EBCE3B248305B100E2D8DB /* Assets.xcassets in Resources */ = {isa = PBXBuildFile; fileRef = 18EBCE3A248305B100E2D8DB /* Assets.xcassets */; };
		18EBCE3E248305B100E2D8DB /* Main.storyboard in Resources */ = {isa = PBXBuildFile; fileRef = 18EBCE3C248305B100E2D8DB /* Main.storyboard */; };
		18EBCE4B248308EB00E2D8DB /* ResourcesBridgeMonitor.swift in Sources */ = {isa = PBXBuildFile; fileRef = 18EBCE4A248308EB00E2D8DB /* ResourcesBridgeMonitor.swift */; };
/* End PBXBuildFile section */

/* Begin PBXFileReference section */
		18CF5C1A248381CB00CB367F /* Communication.swift */ = {isa = PBXFileReference; fileEncoding = 4; lastKnownFileType = sourcecode.swift; name = Communication.swift; path = ../../Sources/Communication.swift; sourceTree = "<group>"; };
		18EBCE33248305B000E2D8DB /* ResourcesBridgeMonitor.app */ = {isa = PBXFileReference; explicitFileType = wrapper.application; includeInIndex = 0; path = ResourcesBridgeMonitor.app; sourceTree = BUILT_PRODUCTS_DIR; };
		18EBCE36248305B000E2D8DB /* AppDelegate.swift */ = {isa = PBXFileReference; lastKnownFileType = sourcecode.swift; path = AppDelegate.swift; sourceTree = "<group>"; };
		18EBCE38248305B000E2D8DB /* ViewController.swift */ = {isa = PBXFileReference; lastKnownFileType = sourcecode.swift; path = ViewController.swift; sourceTree = "<group>"; };
		18EBCE3A248305B100E2D8DB /* Assets.xcassets */ = {isa = PBXFileReference; lastKnownFileType = folder.assetcatalog; path = Assets.xcassets; sourceTree = "<group>"; };
		18EBCE3D248305B100E2D8DB /* Base */ = {isa = PBXFileReference; lastKnownFileType = file.storyboard; name = Base; path = Base.lproj/Main.storyboard; sourceTree = "<group>"; };
		18EBCE3F248305B100E2D8DB /* Info.plist */ = {isa = PBXFileReference; lastKnownFileType = text.plist.xml; path = Info.plist; sourceTree = "<group>"; };
		18EBCE40248305B100E2D8DB /* ResourcesBridgeMonitor.entitlements */ = {isa = PBXFileReference; lastKnownFileType = text.plist.entitlements; path = ResourcesBridgeMonitor.entitlements; sourceTree = "<group>"; };
		18EBCE4A248308EB00E2D8DB /* ResourcesBridgeMonitor.swift */ = {isa = PBXFileReference; fileEncoding = 4; lastKnownFileType = sourcecode.swift; path = ResourcesBridgeMonitor.swift; sourceTree = "<group>"; };
		1AE4600A16ED64877CE499B6 /* Pods-ResourcesBridgeMonitor.debug.xcconfig */ = {isa = PBXFileReference; includeInIndex = 1; lastKnownFileType = text.xcconfig; name = "Pods-ResourcesBridgeMonitor.debug.xcconfig"; path = "Target Support Files/Pods-ResourcesBridgeMonitor/Pods-ResourcesBridgeMonitor.debug.xcconfig"; sourceTree = "<group>"; };
		A3684BF1F17C699BD644F990 /* Pods-ResourcesBridgeMonitor.release.xcconfig */ = {isa = PBXFileReference; includeInIndex = 1; lastKnownFileType = text.xcconfig; name = "Pods-ResourcesBridgeMonitor.release.xcconfig"; path = "Target Support Files/Pods-ResourcesBridgeMonitor/Pods-ResourcesBridgeMonitor.release.xcconfig"; sourceTree = "<group>"; };
		D4621FBFC77AAA1BACE5F1C6 /* Pods_ResourcesBridgeMonitor.framework */ = {isa = PBXFileReference; explicitFileType = wrapper.framework; includeInIndex = 0; path = Pods_ResourcesBridgeMonitor.framework; sourceTree = BUILT_PRODUCTS_DIR; };
/* End PBXFileReference section */

/* Begin PBXFrameworksBuildPhase section */
		18EBCE30248305B000E2D8DB /* Frameworks */ = {
			isa = PBXFrameworksBuildPhase;
			buildActionMask = 2147483647;
			files = (
				0ACF5E5DE6D09C69AC7B6A15 /* Pods_ResourcesBridgeMonitor.framework in Frameworks */,
			);
			runOnlyForDeploymentPostprocessing = 0;
		};
/* End PBXFrameworksBuildPhase section */

/* Begin PBXGroup section */
		18EBCE2A248305B000E2D8DB = {
			isa = PBXGroup;
			children = (
				18EBCE35248305B000E2D8DB /* ResourcesBridgeMonitor */,
				18EBCE34248305B000E2D8DB /* Products */,
				4C9C9B92973059A3EE0E7518 /* Pods */,
				6065AAE11524C953A8231ECE /* Frameworks */,
			);
			sourceTree = "<group>";
		};
		18EBCE34248305B000E2D8DB /* Products */ = {
			isa = PBXGroup;
			children = (
				18EBCE33248305B000E2D8DB /* ResourcesBridgeMonitor.app */,
			);
			name = Products;
			sourceTree = "<group>";
		};
		18EBCE35248305B000E2D8DB /* ResourcesBridgeMonitor */ = {
			isa = PBXGroup;
			children = (
				18EBCE36248305B000E2D8DB /* AppDelegate.swift */,
				18EBCE38248305B000E2D8DB /* ViewController.swift */,
				18EBCE4A248308EB00E2D8DB /* ResourcesBridgeMonitor.swift */,
				18CF5C1A248381CB00CB367F /* Communication.swift */,
				18EBCE3A248305B100E2D8DB /* Assets.xcassets */,
				18EBCE3C248305B100E2D8DB /* Main.storyboard */,
				18EBCE3F248305B100E2D8DB /* Info.plist */,
				18EBCE40248305B100E2D8DB /* ResourcesBridgeMonitor.entitlements */,
			);
			path = ResourcesBridgeMonitor;
			sourceTree = "<group>";
		};
		4C9C9B92973059A3EE0E7518 /* Pods */ = {
			isa = PBXGroup;
			children = (
				1AE4600A16ED64877CE499B6 /* Pods-ResourcesBridgeMonitor.debug.xcconfig */,
				A3684BF1F17C699BD644F990 /* Pods-ResourcesBridgeMonitor.release.xcconfig */,
			);
			path = Pods;
			sourceTree = "<group>";
		};
		6065AAE11524C953A8231ECE /* Frameworks */ = {
			isa = PBXGroup;
			children = (
				D4621FBFC77AAA1BACE5F1C6 /* Pods_ResourcesBridgeMonitor.framework */,
			);
			name = Frameworks;
			sourceTree = "<group>";
		};
/* End PBXGroup section */

/* Begin PBXNativeTarget section */
		18EBCE32248305B000E2D8DB /* ResourcesBridgeMonitor */ = {
			isa = PBXNativeTarget;
			buildConfigurationList = 18EBCE43248305B100E2D8DB /* Build configuration list for PBXNativeTarget "ResourcesBridgeMonitor" */;
			buildPhases = (
				592F8D5E463B558F8606D6BC /* [CP] Check Pods Manifest.lock */,
				18EBCE2F248305B000E2D8DB /* Sources */,
				18EBCE30248305B000E2D8DB /* Frameworks */,
				18EBCE31248305B000E2D8DB /* Resources */,
				0C44C30AC98F7F6D7FF10490 /* [CP] Embed Pods Frameworks */,
			);
			buildRules = (
			);
			dependencies = (
			);
			name = ResourcesBridgeMonitor;
			productName = ResourcesBridgeMonitor;
			productReference = 18EBCE33248305B000E2D8DB /* ResourcesBridgeMonitor.app */;
			productType = "com.apple.product-type.application";
		};
/* End PBXNativeTarget section */

/* Begin PBXProject section */
		18EBCE2B248305B000E2D8DB /* Project object */ = {
			isa = PBXProject;
			attributes = {
				LastSwiftUpdateCheck = 1150;
				LastUpgradeCheck = 1150;
				ORGANIZATIONNAME = "Eugene Bokhan";
				TargetAttributes = {
					18EBCE32248305B000E2D8DB = {
						CreatedOnToolsVersion = 11.5;
					};
				};
			};
			buildConfigurationList = 18EBCE2E248305B000E2D8DB /* Build configuration list for PBXProject "ResourcesBridgeMonitor" */;
			compatibilityVersion = "Xcode 9.3";
			developmentRegion = en;
			hasScannedForEncodings = 0;
			knownRegions = (
				en,
				Base,
			);
			mainGroup = 18EBCE2A248305B000E2D8DB;
			productRefGroup = 18EBCE34248305B000E2D8DB /* Products */;
			projectDirPath = "";
			projectRoot = "";
			targets = (
				18EBCE32248305B000E2D8DB /* ResourcesBridgeMonitor */,
			);
		};
/* End PBXProject section */

/* Begin PBXResourcesBuildPhase section */
		18EBCE31248305B000E2D8DB /* Resources */ = {
			isa = PBXResourcesBuildPhase;
			buildActionMask = 2147483647;
			files = (
				18EBCE3B248305B100E2D8DB /* Assets.xcassets in Resources */,
				18EBCE3E248305B100E2D8DB /* Main.storyboard in Resources */,
			);
			runOnlyForDeploymentPostprocessing = 0;
		};
/* End PBXResourcesBuildPhase section */

/* Begin PBXShellScriptBuildPhase section */
		0C44C30AC98F7F6D7FF10490 /* [CP] Embed Pods Frameworks */ = {
			isa = PBXShellScriptBuildPhase;
			buildActionMask = 2147483647;
			files = (
			);
			inputFileListPaths = (
			);
			name = "[CP] Embed Pods Frameworks";
			outputFileListPaths = (
			);
			runOnlyForDeploymentPostprocessing = 0;
			shellPath = /bin/sh;
			shellScript = "\"${PODS_ROOT}/Target Support Files/Pods-ResourcesBridgeMonitor/Pods-ResourcesBridgeMonitor-frameworks.sh\"\n";
			showEnvVarsInLog = 0;
		};
		592F8D5E463B558F8606D6BC /* [CP] Check Pods Manifest.lock */ = {
			isa = PBXShellScriptBuildPhase;
			buildActionMask = 2147483647;
			files = (
			);
			inputFileListPaths = (
			);
			inputPaths = (
				"${PODS_PODFILE_DIR_PATH}/Podfile.lock",
				"${PODS_ROOT}/Manifest.lock",
			);
			name = "[CP] Check Pods Manifest.lock";
			outputFileListPaths = (
			);
			outputPaths = (
				"$(DERIVED_FILE_DIR)/Pods-ResourcesBridgeMonitor-checkManifestLockResult.txt",
			);
			runOnlyForDeploymentPostprocessing = 0;
			shellPath = /bin/sh;
			shellScript = "diff \"${PODS_PODFILE_DIR_PATH}/Podfile.lock\" \"${PODS_ROOT}/Manifest.lock\" > /dev/null\nif [ $? != 0 ] ; then\n    # print error to STDERR\n    echo \"error: The sandbox is not in sync with the Podfile.lock. Run 'pod install' or update your CocoaPods installation.\" >&2\n    exit 1\nfi\n# This output is used by Xcode 'outputs' to avoid re-running this script phase.\necho \"SUCCESS\" > \"${SCRIPT_OUTPUT_FILE_0}\"\n";
			showEnvVarsInLog = 0;
		};
/* End PBXShellScriptBuildPhase section */

/* Begin PBXSourcesBuildPhase section */
		18EBCE2F248305B000E2D8DB /* Sources */ = {
			isa = PBXSourcesBuildPhase;
			buildActionMask = 2147483647;
			files = (
				18CF5C1B248381CB00CB367F /* Communication.swift in Sources */,
				18EBCE39248305B000E2D8DB /* ViewController.swift in Sources */,
				18EBCE37248305B000E2D8DB /* AppDelegate.swift in Sources */,
				18EBCE4B248308EB00E2D8DB /* ResourcesBridgeMonitor.swift in Sources */,
			);
			runOnlyForDeploymentPostprocessing = 0;
		};
/* End PBXSourcesBuildPhase section */

/* Begin PBXVariantGroup section */
		18EBCE3C248305B100E2D8DB /* Main.storyboard */ = {
			isa = PBXVariantGroup;
			children = (
				18EBCE3D248305B100E2D8DB /* Base */,
			);
			name = Main.storyboard;
			sourceTree = "<group>";
		};
/* End PBXVariantGroup section */

/* Begin XCBuildConfiguration section */
		18EBCE41248305B100E2D8DB /* Debug */ = {
			isa = XCBuildConfiguration;
			buildSettings = {
				ALWAYS_SEARCH_USER_PATHS = NO;
				CLANG_ANALYZER_NONNULL = YES;
				CLANG_ANALYZER_NUMBER_OBJECT_CONVERSION = YES_AGGRESSIVE;
				CLANG_CXX_LANGUAGE_STANDARD = "gnu++14";
				CLANG_CXX_LIBRARY = "libc++";
				CLANG_ENABLE_MODULES = YES;
				CLANG_ENABLE_OBJC_ARC = YES;
				CLANG_ENABLE_OBJC_WEAK = YES;
				CLANG_WARN_BLOCK_CAPTURE_AUTORELEASING = YES;
				CLANG_WARN_BOOL_CONVERSION = YES;
				CLANG_WARN_COMMA = YES;
				CLANG_WARN_CONSTANT_CONVERSION = YES;
				CLANG_WARN_DEPRECATED_OBJC_IMPLEMENTATIONS = YES;
				CLANG_WARN_DIRECT_OBJC_ISA_USAGE = YES_ERROR;
				CLANG_WARN_DOCUMENTATION_COMMENTS = YES;
				CLANG_WARN_EMPTY_BODY = YES;
				CLANG_WARN_ENUM_CONVERSION = YES;
				CLANG_WARN_INFINITE_RECURSION = YES;
				CLANG_WARN_INT_CONVERSION = YES;
				CLANG_WARN_NON_LITERAL_NULL_CONVERSION = YES;
				CLANG_WARN_OBJC_IMPLICIT_RETAIN_SELF = YES;
				CLANG_WARN_OBJC_LITERAL_CONVERSION = YES;
				CLANG_WARN_OBJC_ROOT_CLASS = YES_ERROR;
				CLANG_WARN_RANGE_LOOP_ANALYSIS = YES;
				CLANG_WARN_STRICT_PROTOTYPES = YES;
				CLANG_WARN_SUSPICIOUS_MOVE = YES;
				CLANG_WARN_UNGUARDED_AVAILABILITY = YES_AGGRESSIVE;
				CLANG_WARN_UNREACHABLE_CODE = YES;
				CLANG_WARN__DUPLICATE_METHOD_MATCH = YES;
				COPY_PHASE_STRIP = NO;
				DEBUG_INFORMATION_FORMAT = dwarf;
				ENABLE_STRICT_OBJC_MSGSEND = YES;
				ENABLE_TESTABILITY = YES;
				GCC_C_LANGUAGE_STANDARD = gnu11;
				GCC_DYNAMIC_NO_PIC = NO;
				GCC_NO_COMMON_BLOCKS = YES;
				GCC_OPTIMIZATION_LEVEL = 0;
				GCC_PREPROCESSOR_DEFINITIONS = (
					"DEBUG=1",
					"$(inherited)",
				);
				GCC_WARN_64_TO_32_BIT_CONVERSION = YES;
				GCC_WARN_ABOUT_RETURN_TYPE = YES_ERROR;
				GCC_WARN_UNDECLARED_SELECTOR = YES;
				GCC_WARN_UNINITIALIZED_AUTOS = YES_AGGRESSIVE;
				GCC_WARN_UNUSED_FUNCTION = YES;
				GCC_WARN_UNUSED_VARIABLE = YES;
				MACOSX_DEPLOYMENT_TARGET = 10.15;
				MTL_ENABLE_DEBUG_INFO = INCLUDE_SOURCE;
				MTL_FAST_MATH = YES;
				ONLY_ACTIVE_ARCH = YES;
				SDKROOT = macosx;
				SWIFT_ACTIVE_COMPILATION_CONDITIONS = DEBUG;
				SWIFT_OPTIMIZATION_LEVEL = "-Onone";
			};
			name = Debug;
		};
		18EBCE42248305B100E2D8DB /* Release */ = {
			isa = XCBuildConfiguration;
			buildSettings = {
				ALWAYS_SEARCH_USER_PATHS = NO;
				CLANG_ANALYZER_NONNULL = YES;
				CLANG_ANALYZER_NUMBER_OBJECT_CONVERSION = YES_AGGRESSIVE;
				CLANG_CXX_LANGUAGE_STANDARD = "gnu++14";
				CLANG_CXX_LIBRARY = "libc++";
				CLANG_ENABLE_MODULES = YES;
				CLANG_ENABLE_OBJC_ARC = YES;
				CLANG_ENABLE_OBJC_WEAK = YES;
				CLANG_WARN_BLOCK_CAPTURE_AUTORELEASING = YES;
				CLANG_WARN_BOOL_CONVERSION = YES;
				CLANG_WARN_COMMA = YES;
				CLANG_WARN_CONSTANT_CONVERSION = YES;
				CLANG_WARN_DEPRECATED_OBJC_IMPLEMENTATIONS = YES;
				CLANG_WARN_DIRECT_OBJC_ISA_USAGE = YES_ERROR;
				CLANG_WARN_DOCUMENTATION_COMMENTS = YES;
				CLANG_WARN_EMPTY_BODY = YES;
				CLANG_WARN_ENUM_CONVERSION = YES;
				CLANG_WARN_INFINITE_RECURSION = YES;
				CLANG_WARN_INT_CONVERSION = YES;
				CLANG_WARN_NON_LITERAL_NULL_CONVERSION = YES;
				CLANG_WARN_OBJC_IMPLICIT_RETAIN_SELF = YES;
				CLANG_WARN_OBJC_LITERAL_CONVERSION = YES;
				CLANG_WARN_OBJC_ROOT_CLASS = YES_ERROR;
				CLANG_WARN_RANGE_LOOP_ANALYSIS = YES;
				CLANG_WARN_STRICT_PROTOTYPES = YES;
				CLANG_WARN_SUSPICIOUS_MOVE = YES;
				CLANG_WARN_UNGUARDED_AVAILABILITY = YES_AGGRESSIVE;
				CLANG_WARN_UNREACHABLE_CODE = YES;
				CLANG_WARN__DUPLICATE_METHOD_MATCH = YES;
				COPY_PHASE_STRIP = NO;
				DEBUG_INFORMATION_FORMAT = "dwarf-with-dsym";
				ENABLE_NS_ASSERTIONS = NO;
				ENABLE_STRICT_OBJC_MSGSEND = YES;
				GCC_C_LANGUAGE_STANDARD = gnu11;
				GCC_NO_COMMON_BLOCKS = YES;
				GCC_WARN_64_TO_32_BIT_CONVERSION = YES;
				GCC_WARN_ABOUT_RETURN_TYPE = YES_ERROR;
				GCC_WARN_UNDECLARED_SELECTOR = YES;
				GCC_WARN_UNINITIALIZED_AUTOS = YES_AGGRESSIVE;
				GCC_WARN_UNUSED_FUNCTION = YES;
				GCC_WARN_UNUSED_VARIABLE = YES;
				MACOSX_DEPLOYMENT_TARGET = 10.15;
				MTL_ENABLE_DEBUG_INFO = NO;
				MTL_FAST_MATH = YES;
				SDKROOT = macosx;
				SWIFT_COMPILATION_MODE = wholemodule;
				SWIFT_OPTIMIZATION_LEVEL = "-O";
			};
			name = Release;
		};
		18EBCE44248305B100E2D8DB /* Debug */ = {
			isa = XCBuildConfiguration;
			baseConfigurationReference = 1AE4600A16ED64877CE499B6 /* Pods-ResourcesBridgeMonitor.debug.xcconfig */;
			buildSettings = {
				ASSETCATALOG_COMPILER_APPICON_NAME = AppIcon;
				CODE_SIGN_ENTITLEMENTS = ResourcesBridgeMonitor/ResourcesBridgeMonitor.entitlements;
				CODE_SIGN_STYLE = Automatic;
				COMBINE_HIDPI_IMAGES = YES;
				DEVELOPMENT_TEAM = 63TG84TE66;
				ENABLE_HARDENED_RUNTIME = YES;
				INFOPLIST_FILE = ResourcesBridgeMonitor/Info.plist;
				LD_RUNPATH_SEARCH_PATHS = (
					"$(inherited)",
					"@executable_path/../Frameworks",
				);
				PRODUCT_BUNDLE_IDENTIFIER = com.eugenebokhan.ResourcesBridgeMonitor;
				PRODUCT_NAME = "$(TARGET_NAME)";
				SWIFT_VERSION = 5.0;
			};
			name = Debug;
		};
		18EBCE45248305B100E2D8DB /* Release */ = {
			isa = XCBuildConfiguration;
			baseConfigurationReference = A3684BF1F17C699BD644F990 /* Pods-ResourcesBridgeMonitor.release.xcconfig */;
			buildSettings = {
				ASSETCATALOG_COMPILER_APPICON_NAME = AppIcon;
				CODE_SIGN_ENTITLEMENTS = ResourcesBridgeMonitor/ResourcesBridgeMonitor.entitlements;
				CODE_SIGN_STYLE = Automatic;
				COMBINE_HIDPI_IMAGES = YES;
				DEVELOPMENT_TEAM = 63TG84TE66;
				ENABLE_HARDENED_RUNTIME = YES;
				INFOPLIST_FILE = ResourcesBridgeMonitor/Info.plist;
				LD_RUNPATH_SEARCH_PATHS = (
					"$(inherited)",
					"@executable_path/../Frameworks",
				);
				PRODUCT_BUNDLE_IDENTIFIER = com.eugenebokhan.ResourcesBridgeMonitor;
				PRODUCT_NAME = "$(TARGET_NAME)";
				SWIFT_VERSION = 5.0;
			};
			name = Release;
		};
/* End XCBuildConfiguration section */

/* Begin XCConfigurationList section */
		18EBCE2E248305B000E2D8DB /* Build configuration list for PBXProject "ResourcesBridgeMonitor" */ = {
			isa = XCConfigurationList;
			buildConfigurations = (
				18EBCE41248305B100E2D8DB /* Debug */,
				18EBCE42248305B100E2D8DB /* Release */,
			);
			defaultConfigurationIsVisible = 0;
			defaultConfigurationName = Release;
		};
		18EBCE43248305B100E2D8DB /* Build configuration list for PBXNativeTarget "ResourcesBridgeMonitor" */ = {
			isa = XCConfigurationList;
			buildConfigurations = (
				18EBCE44248305B100E2D8DB /* Debug */,
				18EBCE45248305B100E2D8DB /* Release */,
			);
			defaultConfigurationIsVisible = 0;
			defaultConfigurationName = Release;
		};
/* End XCConfigurationList section */
	};
	rootObject = 18EBCE2B248305B000E2D8DB /* Project object */;
}
